
Microsoft Visual Studio Solution File, Format Version 12.00
# Visual Studio Express 2012 for Web
Project("{FAE04EC0-301F-11D3-BF4B-00C04F79EFBC}") = "Web", "Web\Web.csproj", "{7E8526FD-4694-4AB2-950F-DAF8373ABE30}"
EndProject
Project("{FAE04EC0-301F-11D3-BF4B-00C04F79EFBC}") = "Reminder.Tests", "Reminder.Tests\Reminder.Tests.csproj", "{35A78B8F-4ED6-4505-A702-3D3EF1261F3B}"
EndProject
Global
	GlobalSection(SolutionConfigurationPlatforms) = preSolution
		Debug|Any CPU = Debug|Any CPU
		Release|Any CPU = Release|Any CPU
	EndGlobalSection
	GlobalSection(ProjectConfigurationPlatforms) = postSolution
		{7E8526FD-4694-4AB2-950F-DAF8373ABE30}.Debug|Any CPU.ActiveCfg = Debug|Any CPU
		{7E8526FD-4694-4AB2-950F-DAF8373ABE30}.Debug|Any CPU.Build.0 = Debug|Any CPU
		{7E8526FD-4694-4AB2-950F-DAF8373ABE30}.Release|Any CPU.ActiveCfg = Release|Any CPU
		{7E8526FD-4694-4AB2-950F-DAF8373ABE30}.Release|Any CPU.Build.0 = Release|Any CPU
		{35A78B8F-4ED6-4505-A702-3D3EF1261F3B}.Debug|Any CPU.ActiveCfg = Debug|Any CPU
		{35A78B8F-4ED6-4505-A702-3D3EF1261F3B}.Debug|Any CPU.Build.0 = Debug|Any CPU
		{35A78B8F-4ED6-4505-A702-3D3EF1261F3B}.Release|Any CPU.ActiveCfg = Release|Any CPU
		{35A78B8F-4ED6-4505-A702-3D3EF1261F3B}.Release|Any CPU.Build.0 = Release|Any CPU
	EndGlobalSection
	GlobalSection(SolutionProperties) = preSolution
		HideSolutionNode = FALSE
	EndGlobalSection
EndGlobal
